// !$*UTF8*$!
{
	archiveVersion = 1;
	classes = {
	};
	objectVersion = 46;
	objects = {

/* Begin PBXBuildFile section */
		12305A211DD6EBDB00F92EDE /* AppDelegate.swift in Sources */ = {isa = PBXBuildFile; fileRef = 12305A201DD6EBDB00F92EDE /* AppDelegate.swift */; };
		12305A231DD6EBDB00F92EDE /* ViewController.swift in Sources */ = {isa = PBXBuildFile; fileRef = 12305A221DD6EBDB00F92EDE /* ViewController.swift */; };
		12305A261DD6EBDB00F92EDE /* Main.storyboard in Resources */ = {isa = PBXBuildFile; fileRef = 12305A241DD6EBDB00F92EDE /* Main.storyboard */; };
		12305A281DD6EBDB00F92EDE /* Assets.xcassets in Resources */ = {isa = PBXBuildFile; fileRef = 12305A271DD6EBDB00F92EDE /* Assets.xcassets */; };
		12305A2B1DD6EBDB00F92EDE /* LaunchScreen.storyboard in Resources */ = {isa = PBXBuildFile; fileRef = 12305A291DD6EBDB00F92EDE /* LaunchScreen.storyboard */; };
		12305A361DD6EBDB00F92EDE /* GrankTests.swift in Sources */ = {isa = PBXBuildFile; fileRef = 12305A351DD6EBDB00F92EDE /* GrankTests.swift */; };
		12305A411DD6EBDB00F92EDE /* GrankUITests.swift in Sources */ = {isa = PBXBuildFile; fileRef = 12305A401DD6EBDB00F92EDE /* GrankUITests.swift */; };
		12305A4F1DD6ED7A00F92EDE /* LaunchViewController.swift in Sources */ = {isa = PBXBuildFile; fileRef = 12305A4E1DD6ED7A00F92EDE /* LaunchViewController.swift */; };
		12305A511DD6F04900F92EDE /* UserInputViewController.swift in Sources */ = {isa = PBXBuildFile; fileRef = 12305A501DD6F04800F92EDE /* UserInputViewController.swift */; };
		12305A531DD6F0AC00F92EDE /* OptionsInputViewController.swift in Sources */ = {isa = PBXBuildFile; fileRef = 12305A521DD6F0AC00F92EDE /* OptionsInputViewController.swift */; };
		1241AF0D1DD742780003BABD /* ResultsCell.swift in Sources */ = {isa = PBXBuildFile; fileRef = 1241AF0C1DD742780003BABD /* ResultsCell.swift */; };
		1241AF0F1DD742BC0003BABD /* ResultsViewController.swift in Sources */ = {isa = PBXBuildFile; fileRef = 1241AF0E1DD742BC0003BABD /* ResultsViewController.swift */; };
		126AFFB01DD7064100E67055 /* OptionsTableViewController.swift in Sources */ = {isa = PBXBuildFile; fileRef = 126AFFAF1DD7064100E67055 /* OptionsTableViewController.swift */; };
		126AFFB21DD7066400E67055 /* OptionsTableViewCell.swift in Sources */ = {isa = PBXBuildFile; fileRef = 126AFFB11DD7066400E67055 /* OptionsTableViewCell.swift */; };
		126AFFB41DD71EC500E67055 /* RankingViewController.swift in Sources */ = {isa = PBXBuildFile; fileRef = 126AFFB31DD71EC500E67055 /* RankingViewController.swift */; };
		126AFFB61DD7256F00E67055 /* RankingTableViewCell.swift in Sources */ = {isa = PBXBuildFile; fileRef = 126AFFB51DD7256F00E67055 /* RankingTableViewCell.swift */; };
		126AFFB81DD72D8F00E67055 /* RatingControl.swift in Sources */ = {isa = PBXBuildFile; fileRef = 126AFFB71DD72D8F00E67055 /* RatingControl.swift */; };
/* End PBXBuildFile section */

/* Begin PBXContainerItemProxy section */
		12305A321DD6EBDB00F92EDE /* PBXContainerItemProxy */ = {
			isa = PBXContainerItemProxy;
			containerPortal = 12305A151DD6EBDA00F92EDE /* Project object */;
			proxyType = 1;
			remoteGlobalIDString = 12305A1C1DD6EBDA00F92EDE;
			remoteInfo = Grank;
		};
		12305A3D1DD6EBDB00F92EDE /* PBXContainerItemProxy */ = {
			isa = PBXContainerItemProxy;
			containerPortal = 12305A151DD6EBDA00F92EDE /* Project object */;
			proxyType = 1;
			remoteGlobalIDString = 12305A1C1DD6EBDA00F92EDE;
			remoteInfo = Grank;
		};
/* End PBXContainerItemProxy section */

/* Begin PBXFileReference section */
		12305A1D1DD6EBDB00F92EDE /* Grank.app */ = {isa = PBXFileReference; explicitFileType = wrapper.application; includeInIndex = 0; path = Grank.app; sourceTree = BUILT_PRODUCTS_DIR; };
		12305A201DD6EBDB00F92EDE /* AppDelegate.swift */ = {isa = PBXFileReference; lastKnownFileType = sourcecode.swift; path = AppDelegate.swift; sourceTree = "<group>"; };
		12305A221DD6EBDB00F92EDE /* ViewController.swift */ = {isa = PBXFileReference; lastKnownFileType = sourcecode.swift; path = ViewController.swift; sourceTree = "<group>"; };
		12305A251DD6EBDB00F92EDE /* Base */ = {isa = PBXFileReference; lastKnownFileType = file.storyboard; name = Base; path = Base.lproj/Main.storyboard; sourceTree = "<group>"; };
		12305A271DD6EBDB00F92EDE /* Assets.xcassets */ = {isa = PBXFileReference; lastKnownFileType = folder.assetcatalog; path = Assets.xcassets; sourceTree = "<group>"; };
		12305A2A1DD6EBDB00F92EDE /* Base */ = {isa = PBXFileReference; lastKnownFileType = file.storyboard; name = Base; path = Base.lproj/LaunchScreen.storyboard; sourceTree = "<group>"; };
		12305A2C1DD6EBDB00F92EDE /* Info.plist */ = {isa = PBXFileReference; lastKnownFileType = text.plist.xml; path = Info.plist; sourceTree = "<group>"; };
		12305A311DD6EBDB00F92EDE /* GrankTests.xctest */ = {isa = PBXFileReference; explicitFileType = wrapper.cfbundle; includeInIndex = 0; path = GrankTests.xctest; sourceTree = BUILT_PRODUCTS_DIR; };
		12305A351DD6EBDB00F92EDE /* GrankTests.swift */ = {isa = PBXFileReference; lastKnownFileType = sourcecode.swift; path = GrankTests.swift; sourceTree = "<group>"; };
		12305A371DD6EBDB00F92EDE /* Info.plist */ = {isa = PBXFileReference; lastKnownFileType = text.plist.xml; path = Info.plist; sourceTree = "<group>"; };
		12305A3C1DD6EBDB00F92EDE /* GrankUITests.xctest */ = {isa = PBXFileReference; explicitFileType = wrapper.cfbundle; includeInIndex = 0; path = GrankUITests.xctest; sourceTree = BUILT_PRODUCTS_DIR; };
		12305A401DD6EBDB00F92EDE /* GrankUITests.swift */ = {isa = PBXFileReference; lastKnownFileType = sourcecode.swift; path = GrankUITests.swift; sourceTree = "<group>"; };
		12305A421DD6EBDB00F92EDE /* Info.plist */ = {isa = PBXFileReference; lastKnownFileType = text.plist.xml; path = Info.plist; sourceTree = "<group>"; };
		12305A4E1DD6ED7A00F92EDE /* LaunchViewController.swift */ = {isa = PBXFileReference; fileEncoding = 4; lastKnownFileType = sourcecode.swift; path = LaunchViewController.swift; sourceTree = "<group>"; };
		12305A501DD6F04800F92EDE /* UserInputViewController.swift */ = {isa = PBXFileReference; fileEncoding = 4; lastKnownFileType = sourcecode.swift; path = UserInputViewController.swift; sourceTree = "<group>"; };
		12305A521DD6F0AC00F92EDE /* OptionsInputViewController.swift */ = {isa = PBXFileReference; fileEncoding = 4; lastKnownFileType = sourcecode.swift; path = OptionsInputViewController.swift; sourceTree = "<group>"; };
		1241AF0C1DD742780003BABD /* ResultsCell.swift */ = {isa = PBXFileReference; fileEncoding = 4; lastKnownFileType = sourcecode.swift; path = ResultsCell.swift; sourceTree = "<group>"; };
		1241AF0E1DD742BC0003BABD /* ResultsViewController.swift */ = {isa = PBXFileReference; fileEncoding = 4; lastKnownFileType = sourcecode.swift; path = ResultsViewController.swift; sourceTree = "<group>"; };
		126AFFAF1DD7064100E67055 /* OptionsTableViewController.swift */ = {isa = PBXFileReference; fileEncoding = 4; lastKnownFileType = sourcecode.swift; path = OptionsTableViewController.swift; sourceTree = "<group>"; };
		126AFFB11DD7066400E67055 /* OptionsTableViewCell.swift */ = {isa = PBXFileReference; fileEncoding = 4; lastKnownFileType = sourcecode.swift; path = OptionsTableViewCell.swift; sourceTree = "<group>"; };
		126AFFB31DD71EC500E67055 /* RankingViewController.swift */ = {isa = PBXFileReference; fileEncoding = 4; lastKnownFileType = sourcecode.swift; path = RankingViewController.swift; sourceTree = "<group>"; };
		126AFFB51DD7256F00E67055 /* RankingTableViewCell.swift */ = {isa = PBXFileReference; fileEncoding = 4; lastKnownFileType = sourcecode.swift; path = RankingTableViewCell.swift; sourceTree = "<group>"; };
		126AFFB71DD72D8F00E67055 /* RatingControl.swift */ = {isa = PBXFileReference; fileEncoding = 4; lastKnownFileType = sourcecode.swift; path = RatingControl.swift; sourceTree = "<group>"; };
/* End PBXFileReference section */

/* Begin PBXFrameworksBuildPhase section */
		12305A1A1DD6EBDA00F92EDE /* Frameworks */ = {
			isa = PBXFrameworksBuildPhase;
			buildActionMask = 2147483647;
			files = (
			);
			runOnlyForDeploymentPostprocessing = 0;
		};
		12305A2E1DD6EBDB00F92EDE /* Frameworks */ = {
			isa = PBXFrameworksBuildPhase;
			buildActionMask = 2147483647;
			files = (
			);
			runOnlyForDeploymentPostprocessing = 0;
		};
		12305A391DD6EBDB00F92EDE /* Frameworks */ = {
			isa = PBXFrameworksBuildPhase;
			buildActionMask = 2147483647;
			files = (
			);
			runOnlyForDeploymentPostprocessing = 0;
		};
/* End PBXFrameworksBuildPhase section */

/* Begin PBXGroup section */
		12305A141DD6EBDA00F92EDE = {
			isa = PBXGroup;
			children = (
				12305A1F1DD6EBDB00F92EDE /* Grank */,
				12305A341DD6EBDB00F92EDE /* GrankTests */,
				12305A3F1DD6EBDB00F92EDE /* GrankUITests */,
				12305A1E1DD6EBDB00F92EDE /* Products */,
			);
			sourceTree = "<group>";
		};
		12305A1E1DD6EBDB00F92EDE /* Products */ = {
			isa = PBXGroup;
			children = (
				12305A1D1DD6EBDB00F92EDE /* Grank.app */,
				12305A311DD6EBDB00F92EDE /* GrankTests.xctest */,
				12305A3C1DD6EBDB00F92EDE /* GrankUITests.xctest */,
			);
			name = Products;
			sourceTree = "<group>";
		};
		12305A1F1DD6EBDB00F92EDE /* Grank */ = {
			isa = PBXGroup;
			children = (
				12305A201DD6EBDB00F92EDE /* AppDelegate.swift */,
				12305A221DD6EBDB00F92EDE /* ViewController.swift */,
				12305A241DD6EBDB00F92EDE /* Main.storyboard */,
				1241AF0C1DD742780003BABD /* ResultsCell.swift */,
				1241AF0E1DD742BC0003BABD /* ResultsViewController.swift */,
				12305A4E1DD6ED7A00F92EDE /* LaunchViewController.swift */,
				12305A271DD6EBDB00F92EDE /* Assets.xcassets */,
				12305A291DD6EBDB00F92EDE /* LaunchScreen.storyboard */,
				12305A2C1DD6EBDB00F92EDE /* Info.plist */,
				12305A501DD6F04800F92EDE /* UserInputViewController.swift */,
				12305A521DD6F0AC00F92EDE /* OptionsInputViewController.swift */,
				126AFFAF1DD7064100E67055 /* OptionsTableViewController.swift */,
				126AFFB11DD7066400E67055 /* OptionsTableViewCell.swift */,
				126AFFB31DD71EC500E67055 /* RankingViewController.swift */,
				126AFFB51DD7256F00E67055 /* RankingTableViewCell.swift */,
				126AFFB71DD72D8F00E67055 /* RatingControl.swift */,
			);
			path = Grank;
			sourceTree = "<group>";
		};
		12305A341DD6EBDB00F92EDE /* GrankTests */ = {
			isa = PBXGroup;
			children = (
				12305A351DD6EBDB00F92EDE /* GrankTests.swift */,
				12305A371DD6EBDB00F92EDE /* Info.plist */,
			);
			path = GrankTests;
			sourceTree = "<group>";
		};
		12305A3F1DD6EBDB00F92EDE /* GrankUITests */ = {
			isa = PBXGroup;
			children = (
				12305A401DD6EBDB00F92EDE /* GrankUITests.swift */,
				12305A421DD6EBDB00F92EDE /* Info.plist */,
			);
			path = GrankUITests;
			sourceTree = "<group>";
		};
/* End PBXGroup section */

/* Begin PBXNativeTarget section */
		12305A1C1DD6EBDA00F92EDE /* Grank */ = {
			isa = PBXNativeTarget;
			buildConfigurationList = 12305A451DD6EBDB00F92EDE /* Build configuration list for PBXNativeTarget "Grank" */;
			buildPhases = (
				12305A191DD6EBDA00F92EDE /* Sources */,
				12305A1A1DD6EBDA00F92EDE /* Frameworks */,
				12305A1B1DD6EBDA00F92EDE /* Resources */,
			);
			buildRules = (
			);
			dependencies = (
			);
			name = Grank;
			productName = Grank;
			productReference = 12305A1D1DD6EBDB00F92EDE /* Grank.app */;
			productType = "com.apple.product-type.application";
		};
		12305A301DD6EBDB00F92EDE /* GrankTests */ = {
			isa = PBXNativeTarget;
			buildConfigurationList = 12305A481DD6EBDB00F92EDE /* Build configuration list for PBXNativeTarget "GrankTests" */;
			buildPhases = (
				12305A2D1DD6EBDB00F92EDE /* Sources */,
				12305A2E1DD6EBDB00F92EDE /* Frameworks */,
				12305A2F1DD6EBDB00F92EDE /* Resources */,
			);
			buildRules = (
			);
			dependencies = (
				12305A331DD6EBDB00F92EDE /* PBXTargetDependency */,
			);
			name = GrankTests;
			productName = GrankTests;
			productReference = 12305A311DD6EBDB00F92EDE /* GrankTests.xctest */;
			productType = "com.apple.product-type.bundle.unit-test";
		};
		12305A3B1DD6EBDB00F92EDE /* GrankUITests */ = {
			isa = PBXNativeTarget;
			buildConfigurationList = 12305A4B1DD6EBDB00F92EDE /* Build configuration list for PBXNativeTarget "GrankUITests" */;
			buildPhases = (
				12305A381DD6EBDB00F92EDE /* Sources */,
				12305A391DD6EBDB00F92EDE /* Frameworks */,
				12305A3A1DD6EBDB00F92EDE /* Resources */,
			);
			buildRules = (
			);
			dependencies = (
				12305A3E1DD6EBDB00F92EDE /* PBXTargetDependency */,
			);
			name = GrankUITests;
			productName = GrankUITests;
			productReference = 12305A3C1DD6EBDB00F92EDE /* GrankUITests.xctest */;
			productType = "com.apple.product-type.bundle.ui-testing";
		};
/* End PBXNativeTarget section */

/* Begin PBXProject section */
		12305A151DD6EBDA00F92EDE /* Project object */ = {
			isa = PBXProject;
			attributes = {
				LastSwiftUpdateCheck = 0810;
				LastUpgradeCheck = 0810;
				ORGANIZATIONNAME = "Dominique Macias";
				TargetAttributes = {
					12305A1C1DD6EBDA00F92EDE = {
						CreatedOnToolsVersion = 8.1;
						DevelopmentTeam = YL4763V8DE;
						ProvisioningStyle = Automatic;
					};
					12305A301DD6EBDB00F92EDE = {
						CreatedOnToolsVersion = 8.1;
						ProvisioningStyle = Automatic;
						TestTargetID = 12305A1C1DD6EBDA00F92EDE;
					};
					12305A3B1DD6EBDB00F92EDE = {
						CreatedOnToolsVersion = 8.1;
						ProvisioningStyle = Automatic;
						TestTargetID = 12305A1C1DD6EBDA00F92EDE;
					};
				};
			};
			buildConfigurationList = 12305A181DD6EBDA00F92EDE /* Build configuration list for PBXProject "Grank" */;
			compatibilityVersion = "Xcode 3.2";
			developmentRegion = English;
			hasScannedForEncodings = 0;
			knownRegions = (
				en,
				Base,
			);
			mainGroup = 12305A141DD6EBDA00F92EDE;
			productRefGroup = 12305A1E1DD6EBDB00F92EDE /* Products */;
			projectDirPath = "";
			projectRoot = "";
			targets = (
				12305A1C1DD6EBDA00F92EDE /* Grank */,
				12305A301DD6EBDB00F92EDE /* GrankTests */,
				12305A3B1DD6EBDB00F92EDE /* GrankUITests */,
			);
		};
/* End PBXProject section */

/* Begin PBXResourcesBuildPhase section */
		12305A1B1DD6EBDA00F92EDE /* Resources */ = {
			isa = PBXResourcesBuildPhase;
			buildActionMask = 2147483647;
			files = (
				12305A2B1DD6EBDB00F92EDE /* LaunchScreen.storyboard in Resources */,
				12305A281DD6EBDB00F92EDE /* Assets.xcassets in Resources */,
				12305A261DD6EBDB00F92EDE /* Main.storyboard in Resources */,
			);
			runOnlyForDeploymentPostprocessing = 0;
		};
		12305A2F1DD6EBDB00F92EDE /* Resources */ = {
			isa = PBXResourcesBuildPhase;
			buildActionMask = 2147483647;
			files = (
			);
			runOnlyForDeploymentPostprocessing = 0;
		};
		12305A3A1DD6EBDB00F92EDE /* Resources */ = {
			isa = PBXResourcesBuildPhase;
			buildActionMask = 2147483647;
			files = (
			);
			runOnlyForDeploymentPostprocessing = 0;
		};
/* End PBXResourcesBuildPhase section */

/* Begin PBXSourcesBuildPhase section */
		12305A191DD6EBDA00F92EDE /* Sources */ = {
			isa = PBXSourcesBuildPhase;
			buildActionMask = 2147483647;
			files = (
				12305A231DD6EBDB00F92EDE /* ViewController.swift in Sources */,
				12305A4F1DD6ED7A00F92EDE /* LaunchViewController.swift in Sources */,
				126AFFB61DD7256F00E67055 /* RankingTableViewCell.swift in Sources */,
				126AFFB01DD7064100E67055 /* OptionsTableViewController.swift in Sources */,
				12305A511DD6F04900F92EDE /* UserInputViewController.swift in Sources */,
				1241AF0D1DD742780003BABD /* ResultsCell.swift in Sources */,
				126AFFB21DD7066400E67055 /* OptionsTableViewCell.swift in Sources */,
				12305A531DD6F0AC00F92EDE /* OptionsInputViewController.swift in Sources */,
				12305A211DD6EBDB00F92EDE /* AppDelegate.swift in Sources */,
				126AFFB81DD72D8F00E67055 /* RatingControl.swift in Sources */,
				126AFFB41DD71EC500E67055 /* RankingViewController.swift in Sources */,
				1241AF0F1DD742BC0003BABD /* ResultsViewController.swift in Sources */,
			);
			runOnlyForDeploymentPostprocessing = 0;
		};
		12305A2D1DD6EBDB00F92EDE /* Sources */ = {
			isa = PBXSourcesBuildPhase;
			buildActionMask = 2147483647;
			files = (
				12305A361DD6EBDB00F92EDE /* GrankTests.swift in Sources */,
			);
			runOnlyForDeploymentPostprocessing = 0;
		};
		12305A381DD6EBDB00F92EDE /* Sources */ = {
			isa = PBXSourcesBuildPhase;
			buildActionMask = 2147483647;
			files = (
				12305A411DD6EBDB00F92EDE /* GrankUITests.swift in Sources */,
			);
			runOnlyForDeploymentPostprocessing = 0;
		};
/* End PBXSourcesBuildPhase section */

/* Begin PBXTargetDependency section */
		12305A331DD6EBDB00F92EDE /* PBXTargetDependency */ = {
			isa = PBXTargetDependency;
			target = 12305A1C1DD6EBDA00F92EDE /* Grank */;
			targetProxy = 12305A321DD6EBDB00F92EDE /* PBXContainerItemProxy */;
		};
		12305A3E1DD6EBDB00F92EDE /* PBXTargetDependency */ = {
			isa = PBXTargetDependency;
			target = 12305A1C1DD6EBDA00F92EDE /* Grank */;
			targetProxy = 12305A3D1DD6EBDB00F92EDE /* PBXContainerItemProxy */;
		};
/* End PBXTargetDependency section */

/* Begin PBXVariantGroup section */
		12305A241DD6EBDB00F92EDE /* Main.storyboard */ = {
			isa = PBXVariantGroup;
			children = (
				12305A251DD6EBDB00F92EDE /* Base */,
			);
			name = Main.storyboard;
			sourceTree = "<group>";
		};
		12305A291DD6EBDB00F92EDE /* LaunchScreen.storyboard */ = {
			isa = PBXVariantGroup;
			children = (
				12305A2A1DD6EBDB00F92EDE /* Base */,
			);
			name = LaunchScreen.storyboard;
			sourceTree = "<group>";
		};
/* End PBXVariantGroup section */

/* Begin XCBuildConfiguration section */
		12305A431DD6EBDB00F92EDE /* Debug */ = {
			isa = XCBuildConfiguration;
			buildSettings = {
				ALWAYS_SEARCH_USER_PATHS = NO;
				CLANG_ANALYZER_NONNULL = YES;
				CLANG_CXX_LANGUAGE_STANDARD = "gnu++0x";
				CLANG_CXX_LIBRARY = "libc++";
				CLANG_ENABLE_MODULES = YES;
				CLANG_ENABLE_OBJC_ARC = YES;
				CLANG_WARN_BOOL_CONVERSION = YES;
				CLANG_WARN_CONSTANT_CONVERSION = YES;
				CLANG_WARN_DIRECT_OBJC_ISA_USAGE = YES_ERROR;
				CLANG_WARN_DOCUMENTATION_COMMENTS = YES;
				CLANG_WARN_EMPTY_BODY = YES;
				CLANG_WARN_ENUM_CONVERSION = YES;
				CLANG_WARN_INFINITE_RECURSION = YES;
				CLANG_WARN_INT_CONVERSION = YES;
				CLANG_WARN_OBJC_ROOT_CLASS = YES_ERROR;
				CLANG_WARN_SUSPICIOUS_MOVES = YES;
				CLANG_WARN_UNREACHABLE_CODE = YES;
				CLANG_WARN__DUPLICATE_METHOD_MATCH = YES;
				"CODE_SIGN_IDENTITY[sdk=iphoneos*]" = "iPhone Developer";
				COPY_PHASE_STRIP = NO;
				DEBUG_INFORMATION_FORMAT = dwarf;
				ENABLE_STRICT_OBJC_MSGSEND = YES;
				ENABLE_TESTABILITY = YES;
				GCC_C_LANGUAGE_STANDARD = gnu99;
				GCC_DYNAMIC_NO_PIC = NO;
				GCC_NO_COMMON_BLOCKS = YES;
				GCC_OPTIMIZATION_LEVEL = 0;
				GCC_PREPROCESSOR_DEFINITIONS = (
					"DEBUG=1",
					"$(inherited)",
				);
				GCC_WARN_64_TO_32_BIT_CONVERSION = YES;
				GCC_WARN_ABOUT_RETURN_TYPE = YES_ERROR;
				GCC_WARN_UNDECLARED_SELECTOR = YES;
				GCC_WARN_UNINITIALIZED_AUTOS = YES_AGGRESSIVE;
				GCC_WARN_UNUSED_FUNCTION = YES;
				GCC_WARN_UNUSED_VARIABLE = YES;
				IPHONEOS_DEPLOYMENT_TARGET = 10.1;
				MTL_ENABLE_DEBUG_INFO = YES;
				ONLY_ACTIVE_ARCH = YES;
				SDKROOT = iphoneos;
				SWIFT_ACTIVE_COMPILATION_CONDITIONS = DEBUG;
				SWIFT_OPTIMIZATION_LEVEL = "-Onone";
				TARGETED_DEVICE_FAMILY = "1,2";
			};
			name = Debug;
		};
		12305A441DD6EBDB00F92EDE /* Release */ = {
			isa = XCBuildConfiguration;
			buildSettings = {
				ALWAYS_SEARCH_USER_PATHS = NO;
				CLANG_ANALYZER_NONNULL = YES;
				CLANG_CXX_LANGUAGE_STANDARD = "gnu++0x";
				CLANG_CXX_LIBRARY = "libc++";
				CLANG_ENABLE_MODULES = YES;
				CLANG_ENABLE_OBJC_ARC = YES;
				CLANG_WARN_BOOL_CONVERSION = YES;
				CLANG_WARN_CONSTANT_CONVERSION = YES;
				CLANG_WARN_DIRECT_OBJC_ISA_USAGE = YES_ERROR;
				CLANG_WARN_DOCUMENTATION_COMMENTS = YES;
				CLANG_WARN_EMPTY_BODY = YES;
				CLANG_WARN_ENUM_CONVERSION = YES;
				CLANG_WARN_INFINITE_RECURSION = YES;
				CLANG_WARN_INT_CONVERSION = YES;
				CLANG_WARN_OBJC_ROOT_CLASS = YES_ERROR;
				CLANG_WARN_SUSPICIOUS_MOVES = YES;
				CLANG_WARN_UNREACHABLE_CODE = YES;
				CLANG_WARN__DUPLICATE_METHOD_MATCH = YES;
				"CODE_SIGN_IDENTITY[sdk=iphoneos*]" = "iPhone Developer";
				COPY_PHASE_STRIP = NO;
				DEBUG_INFORMATION_FORMAT = "dwarf-with-dsym";
				ENABLE_NS_ASSERTIONS = NO;
				ENABLE_STRICT_OBJC_MSGSEND = YES;
				GCC_C_LANGUAGE_STANDARD = gnu99;
				GCC_NO_COMMON_BLOCKS = YES;
				GCC_WARN_64_TO_32_BIT_CONVERSION = YES;
				GCC_WARN_ABOUT_RETURN_TYPE = YES_ERROR;
				GCC_WARN_UNDECLARED_SELECTOR = YES;
				GCC_WARN_UNINITIALIZED_AUTOS = YES_AGGRESSIVE;
				GCC_WARN_UNUSED_FUNCTION = YES;
				GCC_WARN_UNUSED_VARIABLE = YES;
				IPHONEOS_DEPLOYMENT_TARGET = 10.1;
				MTL_ENABLE_DEBUG_INFO = NO;
				SDKROOT = iphoneos;
				SWIFT_OPTIMIZATION_LEVEL = "-Owholemodule";
				TARGETED_DEVICE_FAMILY = "1,2";
				VALIDATE_PRODUCT = YES;
			};
			name = Release;
		};
		12305A461DD6EBDB00F92EDE /* Debug */ = {
			isa = XCBuildConfiguration;
			buildSettings = {
				ASSETCATALOG_COMPILER_APPICON_NAME = AppIcon;
				DEVELOPMENT_TEAM = YL4763V8DE;
				INFOPLIST_FILE = Grank/Info.plist;
				LD_RUNPATH_SEARCH_PATHS = "$(inherited) @executable_path/Frameworks";
				PRODUCT_BUNDLE_IDENTIFIER = HMC.Grank;
				PRODUCT_NAME = "$(TARGET_NAME)";
				SWIFT_VERSION = 3.0;
			};
			name = Debug;
		};
		12305A471DD6EBDB00F92EDE /* Release */ = {
			isa = XCBuildConfiguration;
			buildSettings = {
				ASSETCATALOG_COMPILER_APPICON_NAME = AppIcon;
				DEVELOPMENT_TEAM = YL4763V8DE;
				INFOPLIST_FILE = Grank/Info.plist;
				LD_RUNPATH_SEARCH_PATHS = "$(inherited) @executable_path/Frameworks";
				PRODUCT_BUNDLE_IDENTIFIER = HMC.Grank;
				PRODUCT_NAME = "$(TARGET_NAME)";
				SWIFT_VERSION = 3.0;
			};
			name = Release;
		};
		12305A491DD6EBDB00F92EDE /* Debug */ = {
			isa = XCBuildConfiguration;
			buildSettings = {
				ALWAYS_EMBED_SWIFT_STANDARD_LIBRARIES = YES;
				BUNDLE_LOADER = "$(TEST_HOST)";
				INFOPLIST_FILE = GrankTests/Info.plist;
				LD_RUNPATH_SEARCH_PATHS = "$(inherited) @executable_path/Frameworks @loader_path/Frameworks";
				PRODUCT_BUNDLE_IDENTIFIER = HMC.GrankTests;
				PRODUCT_NAME = "$(TARGET_NAME)";
				SWIFT_VERSION = 3.0;
				TEST_HOST = "$(BUILT_PRODUCTS_DIR)/Grank.app/Grank";
			};
			name = Debug;
		};
		12305A4A1DD6EBDB00F92EDE /* Release */ = {
			isa = XCBuildConfiguration;
			buildSettings = {
				ALWAYS_EMBED_SWIFT_STANDARD_LIBRARIES = YES;
				BUNDLE_LOADER = "$(TEST_HOST)";
				INFOPLIST_FILE = GrankTests/Info.plist;
				LD_RUNPATH_SEARCH_PATHS = "$(inherited) @executable_path/Frameworks @loader_path/Frameworks";
				PRODUCT_BUNDLE_IDENTIFIER = HMC.GrankTests;
				PRODUCT_NAME = "$(TARGET_NAME)";
				SWIFT_VERSION = 3.0;
				TEST_HOST = "$(BUILT_PRODUCTS_DIR)/Grank.app/Grank";
			};
			name = Release;
		};
		12305A4C1DD6EBDB00F92EDE /* Debug */ = {
			isa = XCBuildConfiguration;
			buildSettings = {
				ALWAYS_EMBED_SWIFT_STANDARD_LIBRARIES = YES;
				INFOPLIST_FILE = GrankUITests/Info.plist;
				LD_RUNPATH_SEARCH_PATHS = "$(inherited) @executable_path/Frameworks @loader_path/Frameworks";
				PRODUCT_BUNDLE_IDENTIFIER = HMC.GrankUITests;
				PRODUCT_NAME = "$(TARGET_NAME)";
				SWIFT_VERSION = 3.0;
				TEST_TARGET_NAME = Grank;
			};
			name = Debug;
		};
		12305A4D1DD6EBDB00F92EDE /* Release */ = {
			isa = XCBuildConfiguration;
			buildSettings = {
				ALWAYS_EMBED_SWIFT_STANDARD_LIBRARIES = YES;
				INFOPLIST_FILE = GrankUITests/Info.plist;
				LD_RUNPATH_SEARCH_PATHS = "$(inherited) @executable_path/Frameworks @loader_path/Frameworks";
				PRODUCT_BUNDLE_IDENTIFIER = HMC.GrankUITests;
				PRODUCT_NAME = "$(TARGET_NAME)";
				SWIFT_VERSION = 3.0;
				TEST_TARGET_NAME = Grank;
			};
			name = Release;
		};
/* End XCBuildConfiguration section */

/* Begin XCConfigurationList section */
		12305A181DD6EBDA00F92EDE /* Build configuration list for PBXProject "Grank" */ = {
			isa = XCConfigurationList;
			buildConfigurations = (
				12305A431DD6EBDB00F92EDE /* Debug */,
				12305A441DD6EBDB00F92EDE /* Release */,
			);
			defaultConfigurationIsVisible = 0;
			defaultConfigurationName = Release;
		};
		12305A451DD6EBDB00F92EDE /* Build configuration list for PBXNativeTarget "Grank" */ = {
			isa = XCConfigurationList;
			buildConfigurations = (
				12305A461DD6EBDB00F92EDE /* Debug */,
				12305A471DD6EBDB00F92EDE /* Release */,
			);
			defaultConfigurationIsVisible = 0;
			defaultConfigurationName = Release;
		};
		12305A481DD6EBDB00F92EDE /* Build configuration list for PBXNativeTarget "GrankTests" */ = {
			isa = XCConfigurationList;
			buildConfigurations = (
				12305A491DD6EBDB00F92EDE /* Debug */,
				12305A4A1DD6EBDB00F92EDE /* Release */,
			);
			defaultConfigurationIsVisible = 0;
			defaultConfigurationName = Release;
		};
		12305A4B1DD6EBDB00F92EDE /* Build configuration list for PBXNativeTarget "GrankUITests" */ = {
			isa = XCConfigurationList;
			buildConfigurations = (
				12305A4C1DD6EBDB00F92EDE /* Debug */,
				12305A4D1DD6EBDB00F92EDE /* Release */,
			);
			defaultConfigurationIsVisible = 0;
			defaultConfigurationName = Release;
		};
/* End XCConfigurationList section */
	};
	rootObject = 12305A151DD6EBDA00F92EDE /* Project object */;
}
